schema: '2.0'
stages:
  data_ingestion:
    cmd: python src/pipline/Train_pipline.py
    deps:
    - path: config/config.yaml
      hash: md5
      md5: 68853d60b4bebcd0e03ad29288c66314
      size: 550
    - path: src/pipline/Train_pipline.py
      hash: md5
      md5: 46c3409995793f0ca2dbe9499e4edcde
      size: 1737
    outs:
    - path: artifacts/data_ingestion/raw.csv
      hash: md5
      md5: 61d08f6fc66074b2d5902ac9378067b7
      size: 648995
    - path: artifacts/data_ingestion/test.csv
      hash: md5
      md5: df07d35453b739f844192f44d3de6e87
      size: 188274
    - path: artifacts/data_ingestion/train.csv
      hash: md5
      md5: db7cdeec3cd4e9b5a920caa33bcec06b
      size: 460857
  data_transformation:
    cmd: python src/pipline/Train_pipline.py
    deps:
    - path: config/config.yaml
      hash: md5
      md5: 68853d60b4bebcd0e03ad29288c66314
      size: 550
    - path: params.yaml
      hash: md5
      md5: f3a98da638002d181e87b49b501e7ca5
      size: 18
    - path: src/pipline/Train_pipline.py
      hash: md5
      md5: 46c3409995793f0ca2dbe9499e4edcde
      size: 1737
    outs:
    - path: artifacts/data_transformation/preprocess.pkl
      hash: md5
      md5: 2183a42f95b0c2d2fdd9ff5b9e982a83
      size: 1405
    - path: artifacts/data_transformation/test.npy
      hash: md5
      md5: eb53be872b0f2b8cdc86a10c59758096
      size: 293408
    - path: artifacts/data_transformation/train.npy
      hash: md5
      md5: 677e6666a2a847bf2045c77d80843819
      size: 717936
